// !$*UTF8*$!
{
	archiveVersion = 1;
	classes = {
	};
	objectVersion = 46;
	objects = {

/* Begin PBXBuildFile section */
		768805691E7BBCDA00F0ED12 /* main.m in Sources */ = {isa = PBXBuildFile; fileRef = 768805681E7BBCDA00F0ED12 /* main.m */; };
		7688056C1E7BBCDA00F0ED12 /* AppDelegate.m in Sources */ = {isa = PBXBuildFile; fileRef = 7688056B1E7BBCDA00F0ED12 /* AppDelegate.m */; };
		7688056F1E7BBCDA00F0ED12 /* ViewController.m in Sources */ = {isa = PBXBuildFile; fileRef = 7688056E1E7BBCDA00F0ED12 /* ViewController.m */; };
		768805721E7BBCDA00F0ED12 /* Main.storyboard in Resources */ = {isa = PBXBuildFile; fileRef = 768805701E7BBCDA00F0ED12 /* Main.storyboard */; };
		768805741E7BBCDA00F0ED12 /* Assets.xcassets in Resources */ = {isa = PBXBuildFile; fileRef = 768805731E7BBCDA00F0ED12 /* Assets.xcassets */; };
		768805771E7BBCDA00F0ED12 /* LaunchScreen.storyboard in Resources */ = {isa = PBXBuildFile; fileRef = 768805751E7BBCDA00F0ED12 /* LaunchScreen.storyboard */; };
		76D097861E82782E00DCB3D5 /* JWDInteractionLogger.m in Sources */ = {isa = PBXBuildFile; fileRef = 76D097851E82782E00DCB3D5 /* JWDInteractionLogger.m */; };
/* End PBXBuildFile section */

/* Begin PBXFileReference section */
		768805641E7BBCDA00F0ED12 /* JWDInputOutputStream.app */ = {isa = PBXFileReference; explicitFileType = wrapper.application; includeInIndex = 0; path = JWDInputOutputStream.app; sourceTree = BUILT_PRODUCTS_DIR; };
		768805681E7BBCDA00F0ED12 /* main.m */ = {isa = PBXFileReference; lastKnownFileType = sourcecode.c.objc; path = main.m; sourceTree = "<group>"; };
		7688056A1E7BBCDA00F0ED12 /* AppDelegate.h */ = {isa = PBXFileReference; lastKnownFileType = sourcecode.c.h; path = AppDelegate.h; sourceTree = "<group>"; };
		7688056B1E7BBCDA00F0ED12 /* AppDelegate.m */ = {isa = PBXFileReference; lastKnownFileType = sourcecode.c.objc; path = AppDelegate.m; sourceTree = "<group>"; };
		7688056D1E7BBCDA00F0ED12 /* ViewController.h */ = {isa = PBXFileReference; lastKnownFileType = sourcecode.c.h; path = ViewController.h; sourceTree = "<group>"; };
		7688056E1E7BBCDA00F0ED12 /* ViewController.m */ = {isa = PBXFileReference; lastKnownFileType = sourcecode.c.objc; path = ViewController.m; sourceTree = "<group>"; };
		768805711E7BBCDA00F0ED12 /* Base */ = {isa = PBXFileReference; lastKnownFileType = file.storyboard; name = Base; path = Base.lproj/Main.storyboard; sourceTree = "<group>"; };
		768805731E7BBCDA00F0ED12 /* Assets.xcassets */ = {isa = PBXFileReference; lastKnownFileType = folder.assetcatalog; path = Assets.xcassets; sourceTree = "<group>"; };
		768805761E7BBCDA00F0ED12 /* Base */ = {isa = PBXFileReference; lastKnownFileType = file.storyboard; name = Base; path = Base.lproj/LaunchScreen.storyboard; sourceTree = "<group>"; };
		768805781E7BBCDA00F0ED12 /* Info.plist */ = {isa = PBXFileReference; lastKnownFileType = text.plist.xml; path = Info.plist; sourceTree = "<group>"; };
		76D097841E82782E00DCB3D5 /* JWDInteractionLogger.h */ = {isa = PBXFileReference; fileEncoding = 4; lastKnownFileType = sourcecode.c.h; path = JWDInteractionLogger.h; sourceTree = "<group>"; };
		76D097851E82782E00DCB3D5 /* JWDInteractionLogger.m */ = {isa = PBXFileReference; fileEncoding = 4; lastKnownFileType = sourcecode.c.objc; path = JWDInteractionLogger.m; sourceTree = "<group>"; };
/* End PBXFileReference section */

/* Begin PBXFrameworksBuildPhase section */
		768805611E7BBCDA00F0ED12 /* Frameworks */ = {
			isa = PBXFrameworksBuildPhase;
			buildActionMask = 2147483647;
			files = (
			);
			runOnlyForDeploymentPostprocessing = 0;
		};
/* End PBXFrameworksBuildPhase section */

/* Begin PBXGroup section */
		7688055B1E7BBCDA00F0ED12 = {
			isa = PBXGroup;
			children = (
				768805661E7BBCDA00F0ED12 /* JWDInputOutputStream */,
				768805651E7BBCDA00F0ED12 /* Products */,
			);
			sourceTree = "<group>";
		};
		768805651E7BBCDA00F0ED12 /* Products */ = {
			isa = PBXGroup;
			children = (
				768805641E7BBCDA00F0ED12 /* JWDInputOutputStream.app */,
			);
			name = Products;
			sourceTree = "<group>";
		};
		768805661E7BBCDA00F0ED12 /* JWDInputOutputStream */ = {
			isa = PBXGroup;
			children = (
				7688056A1E7BBCDA00F0ED12 /* AppDelegate.h */,
				7688056B1E7BBCDA00F0ED12 /* AppDelegate.m */,
				7688056D1E7BBCDA00F0ED12 /* ViewController.h */,
				7688056E1E7BBCDA00F0ED12 /* ViewController.m */,
				76D097841E82782E00DCB3D5 /* JWDInteractionLogger.h */,
				76D097851E82782E00DCB3D5 /* JWDInteractionLogger.m */,
				768805701E7BBCDA00F0ED12 /* Main.storyboard */,
				768805731E7BBCDA00F0ED12 /* Assets.xcassets */,
				768805751E7BBCDA00F0ED12 /* LaunchScreen.storyboard */,
				768805781E7BBCDA00F0ED12 /* Info.plist */,
				768805671E7BBCDA00F0ED12 /* Supporting Files */,
			);
			path = JWDInputOutputStream;
			sourceTree = "<group>";
		};
		768805671E7BBCDA00F0ED12 /* Supporting Files */ = {
			isa = PBXGroup;
			children = (
				768805681E7BBCDA00F0ED12 /* main.m */,
			);
			name = "Supporting Files";
			sourceTree = "<group>";
		};
/* End PBXGroup section */

/* Begin PBXNativeTarget section */
		768805631E7BBCDA00F0ED12 /* JWDInputOutputStream */ = {
			isa = PBXNativeTarget;
			buildConfigurationList = 7688057B1E7BBCDA00F0ED12 /* Build configuration list for PBXNativeTarget "JWDInputOutputStream" */;
			buildPhases = (
				768805601E7BBCDA00F0ED12 /* Sources */,
				768805611E7BBCDA00F0ED12 /* Frameworks */,
				768805621E7BBCDA00F0ED12 /* Resources */,
			);
			buildRules = (
			);
			dependencies = (
			);
			name = JWDInputOutputStream;
			productName = JWDInputOutputStream;
			productReference = 768805641E7BBCDA00F0ED12 /* JWDInputOutputStream.app */;
			productType = "com.apple.product-type.application";
		};
/* End PBXNativeTarget section */

/* Begin PBXProject section */
		7688055C1E7BBCDA00F0ED12 /* Project object */ = {
			isa = PBXProject;
			attributes = {
				LastUpgradeCheck = 0820;
				ORGANIZATIONNAME = YIXIA;
				TargetAttributes = {
					768805631E7BBCDA00F0ED12 = {
						CreatedOnToolsVersion = 8.2.1;
						DevelopmentTeam = 3ZPP94SLYH;
						ProvisioningStyle = Automatic;
					};
				};
			};
			buildConfigurationList = 7688055F1E7BBCDA00F0ED12 /* Build configuration list for PBXProject "JWDInputOutputStream" */;
			compatibilityVersion = "Xcode 3.2";
			developmentRegion = English;
			hasScannedForEncodings = 0;
			knownRegions = (
				en,
				Base,
			);
			mainGroup = 7688055B1E7BBCDA00F0ED12;
			productRefGroup = 768805651E7BBCDA00F0ED12 /* Products */;
			projectDirPath = "";
			projectRoot = "";
			targets = (
				768805631E7BBCDA00F0ED12 /* JWDInputOutputStream */,
			);
		};
/* End PBXProject section */

/* Begin PBXResourcesBuildPhase section */
		768805621E7BBCDA00F0ED12 /* Resources */ = {
			isa = PBXResourcesBuildPhase;
			buildActionMask = 2147483647;
			files = (
				768805771E7BBCDA00F0ED12 /* LaunchScreen.storyboard in Resources */,
				768805741E7BBCDA00F0ED12 /* Assets.xcassets in Resources */,
				768805721E7BBCDA00F0ED12 /* Main.storyboard in Resources */,
			);
			runOnlyForDeploymentPostprocessing = 0;
		};
/* End PBXResourcesBuildPhase section */

/* Begin PBXSourcesBuildPhase section */
		768805601E7BBCDA00F0ED12 /* Sources */ = {
			isa = PBXSourcesBuildPhase;
			buildActionMask = 2147483647;
			files = (
				7688056F1E7BBCDA00F0ED12 /* ViewController.m in Sources */,
				7688056C1E7BBCDA00F0ED12 /* AppDelegate.m in Sources */,
				76D097861E82782E00DCB3D5 /* JWDInteractionLogger.m in Sources */,
				768805691E7BBCDA00F0ED12 /* main.m in Sources */,
			);
			runOnlyForDeploymentPostprocessing = 0;
		};
/* End PBXSourcesBuildPhase section */

/* Begin PBXVariantGroup section */
		768805701E7BBCDA00F0ED12 /* Main.storyboard */ = {
			isa = PBXVariantGroup;
			children = (
				768805711E7BBCDA00F0ED12 /* Base */,
			);
			name = Main.storyboard;
			sourceTree = "<group>";
		};
		768805751E7BBCDA00F0ED12 /* LaunchScreen.storyboard */ = {
			isa = PBXVariantGroup;
			children = (
				768805761E7BBCDA00F0ED12 /* Base */,
			);
			name = LaunchScreen.storyboard;
			sourceTree = "<group>";
		};
/* End PBXVariantGroup section */

/* Begin XCBuildConfiguration section */
		768805791E7BBCDA00F0ED12 /* Debug */ = {
			isa = XCBuildConfiguration;
			buildSettings = {
				ALWAYS_SEARCH_USER_PATHS = NO;
				CLANG_ANALYZER_NONNULL = YES;
				CLANG_CXX_LANGUAGE_STANDARD = "gnu++0x";
				CLANG_CXX_LIBRARY = "libc++";
				CLANG_ENABLE_MODULES = YES;
				CLANG_ENABLE_OBJC_ARC = YES;
				CLANG_WARN_BOOL_CONVERSION = YES;
				CLANG_WARN_CONSTANT_CONVERSION = YES;
				CLANG_WARN_DIRECT_OBJC_ISA_USAGE = YES_ERROR;
				CLANG_WARN_DOCUMENTATION_COMMENTS = YES;
				CLANG_WARN_EMPTY_BODY = YES;
				CLANG_WARN_ENUM_CONVERSION = YES;
				CLANG_WARN_INFINITE_RECURSION = YES;
				CLANG_WARN_INT_CONVERSION = YES;
				CLANG_WARN_OBJC_ROOT_CLASS = YES_ERROR;
				CLANG_WARN_SUSPICIOUS_MOVE = YES;
				CLANG_WARN_UNREACHABLE_CODE = YES;
				CLANG_WARN__DUPLICATE_METHOD_MATCH = YES;
				"CODE_SIGN_IDENTITY[sdk=iphoneos*]" = "iPhone Developer";
				COPY_PHASE_STRIP = NO;
				DEBUG_INFORMATION_FORMAT = dwarf;
				ENABLE_STRICT_OBJC_MSGSEND = YES;
				ENABLE_TESTABILITY = YES;
				GCC_C_LANGUAGE_STANDARD = gnu99;
				GCC_DYNAMIC_NO_PIC = NO;
				GCC_NO_COMMON_BLOCKS = YES;
				GCC_OPTIMIZATION_LEVEL = 0;
				GCC_PREPROCESSOR_DEFINITIONS = (
					"DEBUG=1",
					"$(inherited)",
				);
				GCC_WARN_64_TO_32_BIT_CONVERSION = YES;
				GCC_WARN_ABOUT_RETURN_TYPE = YES_ERROR;
				GCC_WARN_UNDECLARED_SELECTOR = YES;
				GCC_WARN_UNINITIALIZED_AUTOS = YES_AGGRESSIVE;
				GCC_WARN_UNUSED_FUNCTION = YES;
				GCC_WARN_UNUSED_VARIABLE = YES;
				IPHONEOS_DEPLOYMENT_TARGET = 10.2;
				MTL_ENABLE_DEBUG_INFO = YES;
				ONLY_ACTIVE_ARCH = YES;
				SDKROOT = iphoneos;
			};
			name = Debug;
		};
		7688057A1E7BBCDA00F0ED12 /* Release */ = {
			isa = XCBuildConfiguration;
			buildSettings = {
				ALWAYS_SEARCH_USER_PATHS = NO;
				CLANG_ANALYZER_NONNULL = YES;
				CLANG_CXX_LANGUAGE_STANDARD = "gnu++0x";
				CLANG_CXX_LIBRARY = "libc++";
				CLANG_ENABLE_MODULES = YES;
				CLANG_ENABLE_OBJC_ARC = YES;
				CLANG_WARN_BOOL_CONVERSION = YES;
				CLANG_WARN_CONSTANT_CONVERSION = YES;
				CLANG_WARN_DIRECT_OBJC_ISA_USAGE = YES_ERROR;
				CLANG_WARN_DOCUMENTATION_COMMENTS = YES;
				CLANG_WARN_EMPTY_BODY = YES;
				CLANG_WARN_ENUM_CONVERSION = YES;
				CLANG_WARN_INFINITE_RECURSION = YES;
				CLANG_WARN_INT_CONVERSION = YES;
				CLANG_WARN_OBJC_ROOT_CLASS = YES_ERROR;
				CLANG_WARN_SUSPICIOUS_MOVE = YES;
				CLANG_WARN_UNREACHABLE_CODE = YES;
				CLANG_WARN__DUPLICATE_METHOD_MATCH = YES;
				"CODE_SIGN_IDENTITY[sdk=iphoneos*]" = "iPhone Developer";
				COPY_PHASE_STRIP = NO;
				DEBUG_INFORMATION_FORMAT = "dwarf-with-dsym";
				ENABLE_NS_ASSERTIONS = NO;
				ENABLE_STRICT_OBJC_MSGSEND = YES;
				GCC_C_LANGUAGE_STANDARD = gnu99;
				GCC_NO_COMMON_BLOCKS = YES;
				GCC_WARN_64_TO_32_BIT_CONVERSION = YES;
				GCC_WARN_ABOUT_RETURN_TYPE = YES_ERROR;
				GCC_WARN_UNDECLARED_SELECTOR = YES;
				GCC_WARN_UNINITIALIZED_AUTOS = YES_AGGRESSIVE;
				GCC_WARN_UNUSED_FUNCTION = YES;
				GCC_WARN_UNUSED_VARIABLE = YES;
				IPHONEOS_DEPLOYMENT_TARGET = 10.2;
				MTL_ENABLE_DEBUG_INFO = NO;
				SDKROOT = iphoneos;
				VALIDATE_PRODUCT = YES;
			};
			name = Release;
		};
		7688057C1E7BBCDA00F0ED12 /* Debug */ = {
			isa = XCBuildConfiguration;
			buildSettings = {
				ASSETCATALOG_COMPILER_APPICON_NAME = AppIcon;
				DEVELOPMENT_TEAM = 3ZPP94SLYH;
				INFOPLIST_FILE = JWDInputOutputStream/Info.plist;
				LD_RUNPATH_SEARCH_PATHS = "$(inherited) @executable_path/Frameworks";
				PRODUCT_BUNDLE_IDENTIFIER = com.yixia.JWDInputOutputStream;
				PRODUCT_NAME = "$(TARGET_NAME)";
			};
			name = Debug;
		};
		7688057D1E7BBCDA00F0ED12 /* Release */ = {
			isa = XCBuildConfiguration;
			buildSettings = {
				ASSETCATALOG_COMPILER_APPICON_NAME = AppIcon;
				DEVELOPMENT_TEAM = 3ZPP94SLYH;
				INFOPLIST_FILE = JWDInputOutputStream/Info.plist;
				LD_RUNPATH_SEARCH_PATHS = "$(inherited) @executable_path/Frameworks";
				PRODUCT_BUNDLE_IDENTIFIER = com.yixia.JWDInputOutputStream;
				PRODUCT_NAME = "$(TARGET_NAME)";
			};
			name = Release;
		};
/* End XCBuildConfiguration section */

/* Begin XCConfigurationList section */
		7688055F1E7BBCDA00F0ED12 /* Build configuration list for PBXProject "JWDInputOutputStream" */ = {
			isa = XCConfigurationList;
			buildConfigurations = (
				768805791E7BBCDA00F0ED12 /* Debug */,
				7688057A1E7BBCDA00F0ED12 /* Release */,
			);
			defaultConfigurationIsVisible = 0;
			defaultConfigurationName = Release;
		};
		7688057B1E7BBCDA00F0ED12 /* Build configuration list for PBXNativeTarget "JWDInputOutputStream" */ = {
			isa = XCConfigurationList;
			buildConfigurations = (
				7688057C1E7BBCDA00F0ED12 /* Debug */,
				7688057D1E7BBCDA00F0ED12 /* Release */,
			);
			defaultConfigurationIsVisible = 0;
			defaultConfigurationName = Release;
		};
/* End XCConfigurationList section */
	};
	rootObject = 7688055C1E7BBCDA00F0ED12 /* Project object */;
}
